
Microsoft Visual Studio Solution File, Format Version 12.00
# Visual Studio Version 17
VisualStudioVersion = 17.0.31903.59
MinimumVisualStudioVersion = 10.0.40219.1
Project("{2150E333-8FDC-42A3-9474-1A3956D46DE8}") = "src", "src", "{309B972C-D4E4-4165-8145-EDF2DDDB0E5D}"
EndProject
Project("{FAE04EC0-301F-11D3-BF4B-00C04F79EFBC}") = "PaperFormat.Domain", "plugins\paperformat-ai\src\PaperFormat.Domain\PaperFormat.Domain.csproj", "{B3CB5D51-B040-459F-AB49-DEBD31111DC6}"
EndProject
Project("{FAE04EC0-301F-11D3-BF4B-00C04F79EFBC}") = "PaperFormat.OpenXml", "plugins\paperformat-ai\src\PaperFormat.OpenXml\PaperFormat.OpenXml.csproj", "{7050BAB4-559B-4EE7-B30C-9C3CBB6DBFA8}"
EndProject
Project("{FAE04EC0-301F-11D3-BF4B-00C04F79EFBC}") = "PaperFormat.Ai", "plugins\paperformat-ai\src\PaperFormat.Ai\PaperFormat.Ai.csproj", "{C6A73587-4BD8-4A61-B2D9-5F9A09D07411}"
EndProject
Project("{FAE04EC0-301F-11D3-BF4B-00C04F79EFBC}") = "PaperFormat.Rendering", "plugins\paperformat-ai\src\PaperFormat.Rendering\PaperFormat.Rendering.csproj", "{D74A76B5-375C-44D4-9AB7-32D5AE865CF4}"
EndProject
Project("{2150E333-8FDC-42A3-9474-1A3956D46DE8}") = "tests", "tests", "{A8B679E5-65EA-4E0E-A4EF-C3AC79F73051}"
EndProject
Project("{FAE04EC0-301F-11D3-BF4B-00C04F79EFBC}") = "PaperFormat.Domain.Tests", "tests\PaperFormat.Domain.Tests\PaperFormat.Domain.Tests.csproj", "{ABCF4736-C256-497E-A281-17691B5C1AB7}"
EndProject
Project("{FAE04EC0-301F-11D3-BF4B-00C04F79EFBC}") = "PaperFormat.OpenXml.Tests", "tests\PaperFormat.OpenXml.Tests\PaperFormat.OpenXml.Tests.csproj", "{28712225-F78C-43EA-82CA-4CBA8EFE664D}"
EndProject
Project("{2150E333-8FDC-42A3-9474-1A3956D46DE8}") = "tools", "tools", "{AEFDDE5C-3350-4CF8-923A-F336048B894E}"
EndProject
Project("{FAE04EC0-301F-11D3-BF4B-00C04F79EFBC}") = "PaperFormat.Fixtures", "tools\PaperFormat.Fixtures\PaperFormat.Fixtures.csproj", "{A95135D1-D289-489F-ABB0-5FE76E16A5F2}"
EndProject
Project("{FAE04EC0-301F-11D3-BF4B-00C04F79EFBC}") = "PaperFormat.Rules", "plugins\paperformat-ai\src\PaperFormat.Rules\PaperFormat.Rules.csproj", "{0392A655-467E-4074-9762-935FA9D78F05}"
EndProject
Project("{FAE04EC0-301F-11D3-BF4B-00C04F79EFBC}") = "PaperFormat.Rules.Tests", "tests\PaperFormat.Rules.Tests\PaperFormat.Rules.Tests.csproj", "{642A0EE8-A8C6-47A0-847A-A7CFBC02DEFB}"
EndProject
Project("{FAE04EC0-301F-11D3-BF4B-00C04F79EFBC}") = "PaperFormat.Classification", "plugins\paperformat-ai\src\PaperFormat.Classification\PaperFormat.Classification.csproj", "{F8A258AE-A3BB-4EFE-9A0E-5D65F4A9C6EA}"
EndProject
Project("{FAE04EC0-301F-11D3-BF4B-00C04F79EFBC}") = "PaperFormat.Classification.Tests", "tests\PaperFormat.Classification.Tests\PaperFormat.Classification.Tests.csproj", "{42723859-0E2E-48B5-AF80-F575DD0B1EC1}"
EndProject
Project("{FAE04EC0-301F-11D3-BF4B-00C04F79EFBC}") = "PaperFormat.Checking", "plugins\paperformat-ai\src\PaperFormat.Checking\PaperFormat.Checking.csproj", "{258B546D-193A-4C49-A5F2-2CD617B8A6F4}"
EndProject
Project("{FAE04EC0-301F-11D3-BF4B-00C04F79EFBC}") = "PaperFormat.Reporting", "plugins\paperformat-ai\src\PaperFormat.Reporting\PaperFormat.Reporting.csproj", "{52E7B6D8-D38B-4A43-8A35-DAA9EA9F75B5}"
EndProject
Project("{FAE04EC0-301F-11D3-BF4B-00C04F79EFBC}") = "PaperFormat.Checking.Tests", "tests\PaperFormat.Checking.Tests\PaperFormat.Checking.Tests.csproj", "{115524CD-A6E7-4751-8E2A-E3DCBC53D5B3}"
EndProject
Project("{FAE04EC0-301F-11D3-BF4B-00C04F79EFBC}") = "PaperFormat.Integrity", "plugins\paperformat-ai\src\PaperFormat.Integrity\PaperFormat.Integrity.csproj", "{559A5952-F628-4094-B85C-A7E3F3DB12B5}"
EndProject
Project("{FAE04EC0-301F-11D3-BF4B-00C04F79EFBC}") = "PaperFormat.Repair", "plugins\paperformat-ai\src\PaperFormat.Repair\PaperFormat.Repair.csproj", "{6A169435-222C-48CF-AAD8-BF612AFD2FAC}"
EndProject
Project("{FAE04EC0-301F-11D3-BF4B-00C04F79EFBC}") = "PaperFormat.Repair.Tests", "tests\PaperFormat.Repair.Tests\PaperFormat.Repair.Tests.csproj", "{B1CC5BEA-777E-446A-BE0B-0F93243B8353}"
EndProject
Project("{FAE04EC0-301F-11D3-BF4B-00C04F79EFBC}") = "PaperFormat.Cli", "plugins\paperformat-ai\src\PaperFormat.Cli\PaperFormat.Cli.csproj", "{D23C8E8F-9FEE-442C-91EE-0B8DC2F4314F}"
EndProject
Project("{FAE04EC0-301F-11D3-BF4B-00C04F79EFBC}") = "PaperFormat.Cli.Tests", "tests\PaperFormat.Cli.Tests\PaperFormat.Cli.Tests.csproj", "{039779EF-CA46-4DB6-9ADD-9A3A5F43398E}"
EndProject
Project("{FAE04EC0-301F-11D3-BF4B-00C04F79EFBC}") = "PaperFormat.Layout", "plugins\paperformat-ai\src\PaperFormat.Layout\PaperFormat.Layout.csproj", "{795B8B9A-BF6B-4293-A85F-AE3D1E6F8CF7}"
EndProject
Global
	GlobalSection(SolutionConfigurationPlatforms) = preSolution
		Debug|Any CPU = Debug|Any CPU
		Release|Any CPU = Release|Any CPU
	EndGlobalSection
	GlobalSection(SolutionProperties) = preSolution
		HideSolutionNode = FALSE
	EndGlobalSection
	GlobalSection(ProjectConfigurationPlatforms) = postSolution
		{B3CB5D51-B040-459F-AB49-DEBD31111DC6}.Debug|Any CPU.ActiveCfg = Debug|Any CPU
		{B3CB5D51-B040-459F-AB49-DEBD31111DC6}.Debug|Any CPU.Build.0 = Debug|Any CPU
		{B3CB5D51-B040-459F-AB49-DEBD31111DC6}.Release|Any CPU.ActiveCfg = Release|Any CPU
		{B3CB5D51-B040-459F-AB49-DEBD31111DC6}.Release|Any CPU.Build.0 = Release|Any CPU
		{7050BAB4-559B-4EE7-B30C-9C3CBB6DBFA8}.Debug|Any CPU.ActiveCfg = Debug|Any CPU
		{7050BAB4-559B-4EE7-B30C-9C3CBB6DBFA8}.Debug|Any CPU.Build.0 = Debug|Any CPU
		{7050BAB4-559B-4EE7-B30C-9C3CBB6DBFA8}.Release|Any CPU.ActiveCfg = Release|Any CPU
		{7050BAB4-559B-4EE7-B30C-9C3CBB6DBFA8}.Release|Any CPU.Build.0 = Release|Any CPU
		{C6A73587-4BD8-4A61-B2D9-5F9A09D07411}.Debug|Any CPU.ActiveCfg = Debug|Any CPU
		{C6A73587-4BD8-4A61-B2D9-5F9A09D07411}.Debug|Any CPU.Build.0 = Debug|Any CPU
		{C6A73587-4BD8-4A61-B2D9-5F9A09D07411}.Release|Any CPU.ActiveCfg = Release|Any CPU
		{C6A73587-4BD8-4A61-B2D9-5F9A09D07411}.Release|Any CPU.Build.0 = Release|Any CPU
		{D74A76B5-375C-44D4-9AB7-32D5AE865CF4}.Debug|Any CPU.ActiveCfg = Debug|Any CPU
		{D74A76B5-375C-44D4-9AB7-32D5AE865CF4}.Debug|Any CPU.Build.0 = Debug|Any CPU
		{D74A76B5-375C-44D4-9AB7-32D5AE865CF4}.Release|Any CPU.ActiveCfg = Release|Any CPU
		{D74A76B5-375C-44D4-9AB7-32D5AE865CF4}.Release|Any CPU.Build.0 = Release|Any CPU
		{ABCF4736-C256-497E-A281-17691B5C1AB7}.Debug|Any CPU.ActiveCfg = Debug|Any CPU
		{ABCF4736-C256-497E-A281-17691B5C1AB7}.Debug|Any CPU.Build.0 = Debug|Any CPU
		{ABCF4736-C256-497E-A281-17691B5C1AB7}.Release|Any CPU.ActiveCfg = Release|Any CPU
		{ABCF4736-C256-497E-A281-17691B5C1AB7}.Release|Any CPU.Build.0 = Release|Any CPU
		{28712225-F78C-43EA-82CA-4CBA8EFE664D}.Debug|Any CPU.ActiveCfg = Debug|Any CPU
		{28712225-F78C-43EA-82CA-4CBA8EFE664D}.Debug|Any CPU.Build.0 = Debug|Any CPU
		{28712225-F78C-43EA-82CA-4CBA8EFE664D}.Release|Any CPU.ActiveCfg = Release|Any CPU
		{28712225-F78C-43EA-82CA-4CBA8EFE664D}.Release|Any CPU.Build.0 = Release|Any CPU
		{A95135D1-D289-489F-ABB0-5FE76E16A5F2}.Debug|Any CPU.ActiveCfg = Debug|Any CPU
		{A95135D1-D289-489F-ABB0-5FE76E16A5F2}.Debug|Any CPU.Build.0 = Debug|Any CPU
		{A95135D1-D289-489F-ABB0-5FE76E16A5F2}.Release|Any CPU.ActiveCfg = Release|Any CPU
		{A95135D1-D289-489F-ABB0-5FE76E16A5F2}.Release|Any CPU.Build.0 = Release|Any CPU
		{0392A655-467E-4074-9762-935FA9D78F05}.Debug|Any CPU.ActiveCfg = Debug|Any CPU
		{0392A655-467E-4074-9762-935FA9D78F05}.Debug|Any CPU.Build.0 = Debug|Any CPU
		{0392A655-467E-4074-9762-935FA9D78F05}.Release|Any CPU.ActiveCfg = Release|Any CPU
		{0392A655-467E-4074-9762-935FA9D78F05}.Release|Any CPU.Build.0 = Release|Any CPU
		{642A0EE8-A8C6-47A0-847A-A7CFBC02DEFB}.Debug|Any CPU.ActiveCfg = Debug|Any CPU
		{642A0EE8-A8C6-47A0-847A-A7CFBC02DEFB}.Debug|Any CPU.Build.0 = Debug|Any CPU
		{642A0EE8-A8C6-47A0-847A-A7CFBC02DEFB}.Release|Any CPU.ActiveCfg = Release|Any CPU
		{642A0EE8-A8C6-47A0-847A-A7CFBC02DEFB}.Release|Any CPU.Build.0 = Release|Any CPU
		{F8A258AE-A3BB-4EFE-9A0E-5D65F4A9C6EA}.Debug|Any CPU.ActiveCfg = Debug|Any CPU
		{F8A258AE-A3BB-4EFE-9A0E-5D65F4A9C6EA}.Debug|Any CPU.Build.0 = Debug|Any CPU
		{F8A258AE-A3BB-4EFE-9A0E-5D65F4A9C6EA}.Release|Any CPU.ActiveCfg = Release|Any CPU
		{F8A258AE-A3BB-4EFE-9A0E-5D65F4A9C6EA}.Release|Any CPU.Build.0 = Release|Any CPU
		{42723859-0E2E-48B5-AF80-F575DD0B1EC1}.Debug|Any CPU.ActiveCfg = Debug|Any CPU
		{42723859-0E2E-48B5-AF80-F575DD0B1EC1}.Debug|Any CPU.Build.0 = Debug|Any CPU
		{42723859-0E2E-48B5-AF80-F575DD0B1EC1}.Release|Any CPU.ActiveCfg = Release|Any CPU
		{42723859-0E2E-48B5-AF80-F575DD0B1EC1}.Release|Any CPU.Build.0 = Release|Any CPU
		{258B546D-193A-4C49-A5F2-2CD617B8A6F4}.Debug|Any CPU.ActiveCfg = Debug|Any CPU
		{258B546D-193A-4C49-A5F2-2CD617B8A6F4}.Debug|Any CPU.Build.0 = Debug|Any CPU
		{258B546D-193A-4C49-A5F2-2CD617B8A6F4}.Release|Any CPU.ActiveCfg = Release|Any CPU
		{258B546D-193A-4C49-A5F2-2CD617B8A6F4}.Release|Any CPU.Build.0 = Release|Any CPU
		{52E7B6D8-D38B-4A43-8A35-DAA9EA9F75B5}.Debug|Any CPU.ActiveCfg = Debug|Any CPU
		{52E7B6D8-D38B-4A43-8A35-DAA9EA9F75B5}.Debug|Any CPU.Build.0 = Debug|Any CPU
		{52E7B6D8-D38B-4A43-8A35-DAA9EA9F75B5}.Release|Any CPU.ActiveCfg = Release|Any CPU
		{52E7B6D8-D38B-4A43-8A35-DAA9EA9F75B5}.Release|Any CPU.Build.0 = Release|Any CPU
		{115524CD-A6E7-4751-8E2A-E3DCBC53D5B3}.Debug|Any CPU.ActiveCfg = Debug|Any CPU
		{115524CD-A6E7-4751-8E2A-E3DCBC53D5B3}.Debug|Any CPU.Build.0 = Debug|Any CPU
		{115524CD-A6E7-4751-8E2A-E3DCBC53D5B3}.Release|Any CPU.ActiveCfg = Release|Any CPU
		{115524CD-A6E7-4751-8E2A-E3DCBC53D5B3}.Release|Any CPU.Build.0 = Release|Any CPU
		{559A5952-F628-4094-B85C-A7E3F3DB12B5}.Debug|Any CPU.ActiveCfg = Debug|Any CPU
		{559A5952-F628-4094-B85C-A7E3F3DB12B5}.Debug|Any CPU.Build.0 = Debug|Any CPU
		{559A5952-F628-4094-B85C-A7E3F3DB12B5}.Release|Any CPU.ActiveCfg = Release|Any CPU
		{559A5952-F628-4094-B85C-A7E3F3DB12B5}.Release|Any CPU.Build.0 = Release|Any CPU
		{6A169435-222C-48CF-AAD8-BF612AFD2FAC}.Debug|Any CPU.ActiveCfg = Debug|Any CPU
		{6A169435-222C-48CF-AAD8-BF612AFD2FAC}.Debug|Any CPU.Build.0 = Debug|Any CPU
		{6A169435-222C-48CF-AAD8-BF612AFD2FAC}.Release|Any CPU.ActiveCfg = Release|Any CPU
		{6A169435-222C-48CF-AAD8-BF612AFD2FAC}.Release|Any CPU.Build.0 = Release|Any CPU
		{B1CC5BEA-777E-446A-BE0B-0F93243B8353}.Debug|Any CPU.ActiveCfg = Debug|Any CPU
		{B1CC5BEA-777E-446A-BE0B-0F93243B8353}.Debug|Any CPU.Build.0 = Debug|Any CPU
		{B1CC5BEA-777E-446A-BE0B-0F93243B8353}.Release|Any CPU.ActiveCfg = Release|Any CPU
		{B1CC5BEA-777E-446A-BE0B-0F93243B8353}.Release|Any CPU.Build.0 = Release|Any CPU
		{D23C8E8F-9FEE-442C-91EE-0B8DC2F4314F}.Debug|Any CPU.ActiveCfg = Debug|Any CPU
		{D23C8E8F-9FEE-442C-91EE-0B8DC2F4314F}.Debug|Any CPU.Build.0 = Debug|Any CPU
		{D23C8E8F-9FEE-442C-91EE-0B8DC2F4314F}.Release|Any CPU.ActiveCfg = Release|Any CPU
		{D23C8E8F-9FEE-442C-91EE-0B8DC2F4314F}.Release|Any CPU.Build.0 = Release|Any CPU
		{039779EF-CA46-4DB6-9ADD-9A3A5F43398E}.Debug|Any CPU.ActiveCfg = Debug|Any CPU
		{039779EF-CA46-4DB6-9ADD-9A3A5F43398E}.Debug|Any CPU.Build.0 = Debug|Any CPU
		{039779EF-CA46-4DB6-9ADD-9A3A5F43398E}.Release|Any CPU.ActiveCfg = Release|Any CPU
		{039779EF-CA46-4DB6-9ADD-9A3A5F43398E}.Release|Any CPU.Build.0 = Release|Any CPU
		{795B8B9A-BF6B-4293-A85F-AE3D1E6F8CF7}.Debug|Any CPU.ActiveCfg = Debug|Any CPU
		{795B8B9A-BF6B-4293-A85F-AE3D1E6F8CF7}.Debug|Any CPU.Build.0 = Debug|Any CPU
		{795B8B9A-BF6B-4293-A85F-AE3D1E6F8CF7}.Release|Any CPU.ActiveCfg = Release|Any CPU
		{795B8B9A-BF6B-4293-A85F-AE3D1E6F8CF7}.Release|Any CPU.Build.0 = Release|Any CPU
	EndGlobalSection
	GlobalSection(NestedProjects) = preSolution
		{B3CB5D51-B040-459F-AB49-DEBD31111DC6} = {309B972C-D4E4-4165-8145-EDF2DDDB0E5D}
		{7050BAB4-559B-4EE7-B30C-9C3CBB6DBFA8} = {309B972C-D4E4-4165-8145-EDF2DDDB0E5D}
		{C6A73587-4BD8-4A61-B2D9-5F9A09D07411} = {309B972C-D4E4-4165-8145-EDF2DDDB0E5D}
		{D74A76B5-375C-44D4-9AB7-32D5AE865CF4} = {309B972C-D4E4-4165-8145-EDF2DDDB0E5D}
		{ABCF4736-C256-497E-A281-17691B5C1AB7} = {A8B679E5-65EA-4E0E-A4EF-C3AC79F73051}
		{28712225-F78C-43EA-82CA-4CBA8EFE664D} = {A8B679E5-65EA-4E0E-A4EF-C3AC79F73051}
		{A95135D1-D289-489F-ABB0-5FE76E16A5F2} = {AEFDDE5C-3350-4CF8-923A-F336048B894E}
		{0392A655-467E-4074-9762-935FA9D78F05} = {309B972C-D4E4-4165-8145-EDF2DDDB0E5D}
		{642A0EE8-A8C6-47A0-847A-A7CFBC02DEFB} = {A8B679E5-65EA-4E0E-A4EF-C3AC79F73051}
		{F8A258AE-A3BB-4EFE-9A0E-5D65F4A9C6EA} = {309B972C-D4E4-4165-8145-EDF2DDDB0E5D}
		{42723859-0E2E-48B5-AF80-F575DD0B1EC1} = {A8B679E5-65EA-4E0E-A4EF-C3AC79F73051}
		{258B546D-193A-4C49-A5F2-2CD617B8A6F4} = {309B972C-D4E4-4165-8145-EDF2DDDB0E5D}
		{52E7B6D8-D38B-4A43-8A35-DAA9EA9F75B5} = {309B972C-D4E4-4165-8145-EDF2DDDB0E5D}
		{115524CD-A6E7-4751-8E2A-E3DCBC53D5B3} = {A8B679E5-65EA-4E0E-A4EF-C3AC79F73051}
		{559A5952-F628-4094-B85C-A7E3F3DB12B5} = {309B972C-D4E4-4165-8145-EDF2DDDB0E5D}
		{6A169435-222C-48CF-AAD8-BF612AFD2FAC} = {309B972C-D4E4-4165-8145-EDF2DDDB0E5D}
		{B1CC5BEA-777E-446A-BE0B-0F93243B8353} = {A8B679E5-65EA-4E0E-A4EF-C3AC79F73051}
		{D23C8E8F-9FEE-442C-91EE-0B8DC2F4314F} = {309B972C-D4E4-4165-8145-EDF2DDDB0E5D}
		{039779EF-CA46-4DB6-9ADD-9A3A5F43398E} = {A8B679E5-65EA-4E0E-A4EF-C3AC79F73051}
		{795B8B9A-BF6B-4293-A85F-AE3D1E6F8CF7} = {309B972C-D4E4-4165-8145-EDF2DDDB0E5D}
	EndGlobalSection
EndGlobal
